
Microsoft Visual Studio Solution File, Format Version 12.00
# Visual Studio 15
VisualStudioVersion = 15.0.28307.438
MinimumVisualStudioVersion = 10.0.40219.1
Project("{FAE04EC0-301F-11D3-BF4B-00C04F79EFBC}") = "Ultramarine.VSExtension", "Ultramarine.VSExtension\Ultramarine.VSExtension.csproj", "{2203EBE1-86F6-4605-A231-1FADB52ACC19}"
EndProject
Global
	GlobalSection(SolutionConfigurationPlatforms) = preSolution
		Debug|Any CPU = Debug|Any CPU
		Release|Any CPU = Release|Any CPU
	EndGlobalSection
	GlobalSection(ProjectConfigurationPlatforms) = postSolution
		{2203EBE1-86F6-4605-A231-1FADB52ACC19}.Debug|Any CPU.ActiveCfg = Debug|Any CPU
		{2203EBE1-86F6-4605-A231-1FADB52ACC19}.Debug|Any CPU.Build.0 = Debug|Any CPU
		{2203EBE1-86F6-4605-A231-1FADB52ACC19}.Release|Any CPU.ActiveCfg = Release|Any CPU
		{2203EBE1-86F6-4605-A231-1FADB52ACC19}.Release|Any CPU.Build.0 = Release|Any CPU
	EndGlobalSection
	GlobalSection(SolutionProperties) = preSolution
		HideSolutionNode = FALSE
	EndGlobalSection
	GlobalSection(ExtensibilityGlobals) = postSolution
		SolutionGuid = {A86E2D6F-253D-4A78-955E-7A75E9CE4EBA}
	EndGlobalSection
EndGlobal
