
Microsoft Visual Studio Solution File, Format Version 12.00
# Visual Studio 15
VisualStudioVersion = 15.0.28307.438
MinimumVisualStudioVersion = 10.0.40219.1
Project("{FAE04EC0-301F-11D3-BF4B-00C04F79EFBC}") = "Ultramarine.VSExtension", "Ultramarine.VSExtension\Ultramarine.VSExtension.csproj", "{2203EBE1-86F6-4605-A231-1FADB52ACC19}"
EndProject
Project("{2150E333-8FDC-42A3-9474-1A3956D46DE8}") = "Generators", "Generators", "{BCDC8113-7331-4D96-A091-D91E3D4452A8}"
EndProject
Project("{FAE04EC0-301F-11D3-BF4B-00C04F79EFBC}") = "Ultramarine.Generators.LanguageDefinitions", "Ultramarine.Generators.LanguageDefinitions\Ultramarine.Generators.LanguageDefinitions.csproj", "{D4D44D12-C288-4496-BABF-1EC7FDB43AAB}"
EndProject
Project("{FAE04EC0-301F-11D3-BF4B-00C04F79EFBC}") = "Ultramarine.Generators.Serialization.Contracts", "Ultramarine.Generators.Serialization.Contracts\Ultramarine.Generators.Serialization.Contracts.csproj", "{53D1AE9B-2936-45EB-9BAC-255A03267BF0}"
EndProject
Project("{FAE04EC0-301F-11D3-BF4B-00C04F79EFBC}") = "Ultramarine.Generators.Serialization.Providers", "Ultramarine.Generators.Serialization.Providers\Ultramarine.Generators.Serialization.Providers.csproj", "{C64D9F59-1DCC-429F-A90D-9514BA1F543F}"
EndProject
Project("{FAE04EC0-301F-11D3-BF4B-00C04F79EFBC}") = "Ultramarine.Generators.Serialization", "Ultramarine.Generators.Serialization\Ultramarine.Generators.Serialization.csproj", "{89047A1D-C0F6-4FCB-A77D-798A30C424EA}"
EndProject
Project("{FAE04EC0-301F-11D3-BF4B-00C04F79EFBC}") = "Ultramarine.Generators.Task.Library", "Ultramarine.Generators.Task.Library\Ultramarine.Generators.Task.Library.csproj", "{AE11865F-A225-496F-AA03-1D9CC4CF0440}"
EndProject
Global
	GlobalSection(SolutionConfigurationPlatforms) = preSolution
		Debug|Any CPU = Debug|Any CPU
		Release|Any CPU = Release|Any CPU
	EndGlobalSection
	GlobalSection(ProjectConfigurationPlatforms) = postSolution
		{2203EBE1-86F6-4605-A231-1FADB52ACC19}.Debug|Any CPU.ActiveCfg = Debug|Any CPU
		{2203EBE1-86F6-4605-A231-1FADB52ACC19}.Debug|Any CPU.Build.0 = Debug|Any CPU
		{2203EBE1-86F6-4605-A231-1FADB52ACC19}.Release|Any CPU.ActiveCfg = Release|Any CPU
		{2203EBE1-86F6-4605-A231-1FADB52ACC19}.Release|Any CPU.Build.0 = Release|Any CPU
		{D4D44D12-C288-4496-BABF-1EC7FDB43AAB}.Debug|Any CPU.ActiveCfg = Debug|Any CPU
		{D4D44D12-C288-4496-BABF-1EC7FDB43AAB}.Debug|Any CPU.Build.0 = Debug|Any CPU
		{D4D44D12-C288-4496-BABF-1EC7FDB43AAB}.Release|Any CPU.ActiveCfg = Release|Any CPU
		{D4D44D12-C288-4496-BABF-1EC7FDB43AAB}.Release|Any CPU.Build.0 = Release|Any CPU
		{53D1AE9B-2936-45EB-9BAC-255A03267BF0}.Debug|Any CPU.ActiveCfg = Debug|Any CPU
		{53D1AE9B-2936-45EB-9BAC-255A03267BF0}.Debug|Any CPU.Build.0 = Debug|Any CPU
		{53D1AE9B-2936-45EB-9BAC-255A03267BF0}.Release|Any CPU.ActiveCfg = Release|Any CPU
		{53D1AE9B-2936-45EB-9BAC-255A03267BF0}.Release|Any CPU.Build.0 = Release|Any CPU
		{C64D9F59-1DCC-429F-A90D-9514BA1F543F}.Debug|Any CPU.ActiveCfg = Debug|Any CPU
		{C64D9F59-1DCC-429F-A90D-9514BA1F543F}.Debug|Any CPU.Build.0 = Debug|Any CPU
		{C64D9F59-1DCC-429F-A90D-9514BA1F543F}.Release|Any CPU.ActiveCfg = Release|Any CPU
		{C64D9F59-1DCC-429F-A90D-9514BA1F543F}.Release|Any CPU.Build.0 = Release|Any CPU
		{89047A1D-C0F6-4FCB-A77D-798A30C424EA}.Debug|Any CPU.ActiveCfg = Debug|Any CPU
		{89047A1D-C0F6-4FCB-A77D-798A30C424EA}.Debug|Any CPU.Build.0 = Debug|Any CPU
		{89047A1D-C0F6-4FCB-A77D-798A30C424EA}.Release|Any CPU.ActiveCfg = Release|Any CPU
		{89047A1D-C0F6-4FCB-A77D-798A30C424EA}.Release|Any CPU.Build.0 = Release|Any CPU
		{AE11865F-A225-496F-AA03-1D9CC4CF0440}.Debug|Any CPU.ActiveCfg = Debug|Any CPU
		{AE11865F-A225-496F-AA03-1D9CC4CF0440}.Debug|Any CPU.Build.0 = Debug|Any CPU
		{AE11865F-A225-496F-AA03-1D9CC4CF0440}.Release|Any CPU.ActiveCfg = Release|Any CPU
		{AE11865F-A225-496F-AA03-1D9CC4CF0440}.Release|Any CPU.Build.0 = Release|Any CPU
	EndGlobalSection
	GlobalSection(SolutionProperties) = preSolution
		HideSolutionNode = FALSE
	EndGlobalSection
	GlobalSection(NestedProjects) = preSolution
		{D4D44D12-C288-4496-BABF-1EC7FDB43AAB} = {BCDC8113-7331-4D96-A091-D91E3D4452A8}
		{53D1AE9B-2936-45EB-9BAC-255A03267BF0} = {BCDC8113-7331-4D96-A091-D91E3D4452A8}
		{C64D9F59-1DCC-429F-A90D-9514BA1F543F} = {BCDC8113-7331-4D96-A091-D91E3D4452A8}
		{89047A1D-C0F6-4FCB-A77D-798A30C424EA} = {BCDC8113-7331-4D96-A091-D91E3D4452A8}
		{AE11865F-A225-496F-AA03-1D9CC4CF0440} = {BCDC8113-7331-4D96-A091-D91E3D4452A8}
	EndGlobalSection
	GlobalSection(ExtensibilityGlobals) = postSolution
		SolutionGuid = {A86E2D6F-253D-4A78-955E-7A75E9CE4EBA}
	EndGlobalSection
EndGlobal
