
Microsoft Visual Studio Solution File, Format Version 12.00
# Visual Studio 15
VisualStudioVersion = 15.0.28307.572
MinimumVisualStudioVersion = 10.0.40219.1
Project("{FAE04EC0-301F-11D3-BF4B-00C04F79EFBC}") = "Ultramarine.VSExtension", "Ultramarine.VSExtension\Ultramarine.VSExtension.csproj", "{2203EBE1-86F6-4605-A231-1FADB52ACC19}"
EndProject
Project("{2150E333-8FDC-42A3-9474-1A3956D46DE8}") = "Generators", "Generators", "{BCDC8113-7331-4D96-A091-D91E3D4452A8}"
EndProject
Project("{9A19103F-16F7-4668-BE54-9A1E7A4F7556}") = "Ultramarine.Generators.Serialization.Contracts", "Ultramarine.Generators.Serialization.Contracts\Ultramarine.Generators.Serialization.Contracts.csproj", "{53D1AE9B-2936-45EB-9BAC-255A03267BF0}"
EndProject
Project("{9A19103F-16F7-4668-BE54-9A1E7A4F7556}") = "Ultramarine.Generators.Serialization.Providers", "Ultramarine.Generators.Serialization.Providers\Ultramarine.Generators.Serialization.Providers.csproj", "{C64D9F59-1DCC-429F-A90D-9514BA1F543F}"
EndProject
Project("{9A19103F-16F7-4668-BE54-9A1E7A4F7556}") = "Ultramarine.Generators.Serialization", "Ultramarine.Generators.Serialization\Ultramarine.Generators.Serialization.csproj", "{89047A1D-C0F6-4FCB-A77D-798A30C424EA}"
EndProject
Project("{2150E333-8FDC-42A3-9474-1A3956D46DE8}") = "Parsers", "Parsers", "{551AEED9-1AC9-4683-95F3-9379FEC3174C}"
EndProject
Project("{2150E333-8FDC-42A3-9474-1A3956D46DE8}") = "QueryLanguage", "QueryLanguage", "{8AE1A11C-5430-4DC7-870F-7B21CF5C94A0}"
EndProject
Project("{9A19103F-16F7-4668-BE54-9A1E7A4F7556}") = "Ultramarine.QueryLanguage.Grammars", "Ultramarine.QueryLanguage.Grammars\Ultramarine.QueryLanguage.Grammars.csproj", "{85AFD823-3966-4C16-B02C-699AA8F8D695}"
EndProject
Project("{9A19103F-16F7-4668-BE54-9A1E7A4F7556}") = "Ultramarine.QueryLanguage", "Ultramarine.QueryLanguage\Ultramarine.QueryLanguage.csproj", "{C501F3E8-D750-4E12-A020-4748008B2AF3}"
EndProject
Project("{9A19103F-16F7-4668-BE54-9A1E7A4F7556}") = "Ultramarine.QueryLanguage.Tests", "Ultramarine.QueryLanguage.Tests\Ultramarine.QueryLanguage.Tests.csproj", "{9D757EB8-555D-437C-8D9D-C13509F8AC8A}"
EndProject
Project("{9A19103F-16F7-4668-BE54-9A1E7A4F7556}") = "Ultramarine.QueryLanguage.Cli", "Ultramarine.QueryLanguage.Cli\Ultramarine.QueryLanguage.Cli.csproj", "{7D6C3800-E1E7-4427-A794-3DA54213C61E}"
EndProject
Project("{9A19103F-16F7-4668-BE54-9A1E7A4F7556}") = "Ultramarine.Generators.Tasks", "Ultramarine.Generators.Tasks\Ultramarine.Generators.Tasks.csproj", "{82D1CE89-82EF-47FF-A702-F67C3E030DE4}"
EndProject
Project("{9A19103F-16F7-4668-BE54-9A1E7A4F7556}") = "Ultramarine.Generators.Tasks.Library", "Ultramarine.Generators.Tasks.Library\Ultramarine.Generators.Tasks.Library.csproj", "{4CD4FF45-5D29-459A-BB2E-CD760A95AAF5}"
EndProject
Project("{9A19103F-16F7-4668-BE54-9A1E7A4F7556}") = "Ultramarine.Generators.Tests", "Ultramarine.Generators.Tests\Ultramarine.Generators.Tests.csproj", "{E2769337-93AD-4EE4-8675-71B8CB63771C}"
EndProject
Project("{2150E333-8FDC-42A3-9474-1A3956D46DE8}") = "Workspaces", "Workspaces", "{29587005-ABB1-4619-A9C6-794CA0093CB1}"
EndProject
Project("{9A19103F-16F7-4668-BE54-9A1E7A4F7556}") = "Ultramarine.Roslyn", "Ultramarine.Roslyn\Ultramarine.Roslyn.csproj", "{0D77F6F4-776E-4ED2-B721-AF27A37F8485}"
EndProject
Project("{9A19103F-16F7-4668-BE54-9A1E7A4F7556}") = "Ultramarine.Workspaces", "Ultramarine.Workspaces\Ultramarine.Workspaces.csproj", "{B4452945-98EB-4E75-B77C-30083D57BB43}"
EndProject
Project("{FAE04EC0-301F-11D3-BF4B-00C04F79EFBC}") = "Ultramarine.Workspaces.VisualStudio", "Ultramarine.Workspaces.VisualStudio\Ultramarine.Workspaces.VisualStudio.csproj", "{596E2E43-B431-456B-9537-63570CCA0807}"
EndProject
Project("{2150E333-8FDC-42A3-9474-1A3956D46DE8}") = "Templates", "Templates", "{02FF4F30-0A60-447D-AE7F-A6FBD60D016F}"
EndProject
Project("{FAE04EC0-301F-11D3-BF4B-00C04F79EFBC}") = "Ultramarine.Recipes", "Ultramarine.Recipes\Ultramarine.Recipes.csproj", "{41C4A44A-D7F7-4E52-A02E-B2FD70DD0E46}"
EndProject
Project("{FAE04EC0-301F-11D3-BF4B-00C04F79EFBC}") = "Ultramarine.ProjectGenerator.Json", "Ultramarine.ProjectGenerator.Json\Ultramarine.ProjectGenerator.Json.csproj", "{D5F07703-6192-4C4E-8B39-4D87DF054C0D}"
EndProject
Project("{FAE04EC0-301F-11D3-BF4B-00C04F79EFBC}") = "Ultramarine.ProjectGenerator.Xml", "Ultramarine.ProjectGenerator.Xml\Ultramarine.ProjectGenerator.Xml.csproj", "{475A9BE2-24FB-4CD2-A1F0-C033CF6BD0A4}"
EndProject
Project("{9092AA53-FB77-4645-B42D-1CCCA6BD08BD}") = "Ultramarine.VSCodeExtension", "Ultramarine.VSCodeExtension\Ultramarine.VSCodeExtension.njsproj", "{BCAD61C5-9364-48AA-BF0B-595A032FC1BE}"
EndProject
Project("{FAE04EC0-301F-11D3-BF4B-00C04F79EFBC}") = "Ultramarine.GeneratorRecipes", "Ultramarine.GeneratorRecipes\Ultramarine.GeneratorRecipes.csproj", "{79A4B070-8B42-4EFA-B2C6-C2294D0B06EE}"
EndProject
Project("{9A19103F-16F7-4668-BE54-9A1E7A4F7556}") = "Ultramarine.Generators.SchemaBuilder", "Ultramarine.Generators.SchemaBuilder\Ultramarine.Generators.SchemaBuilder.csproj", "{C5D6C174-CFDD-4FCA-8BCA-0A2B8F28EDDB}"
EndProject
Project("{FAE04EC0-301F-11D3-BF4B-00C04F79EFBC}") = "DslPackage", "DslPackage\DslPackage.csproj", "{BE9B3AE5-CA6A-4408-B06C-8B410A72CB46}"
EndProject
Project("{FAE04EC0-301F-11D3-BF4B-00C04F79EFBC}") = "Dsl", "Dsl\Dsl.csproj", "{80C8917C-AB3B-423F-9DC2-462DFCF9CF1D}"
EndProject
Project("{2150E333-8FDC-42A3-9474-1A3956D46DE8}") = "Language", "Language", "{2FC4CC57-2EF0-4711-8687-75368B78DBF1}"
EndProject
Project("{FAE04EC0-301F-11D3-BF4B-00C04F79EFBC}") = "Ultramarine.Generators.Tasks.Complex", "Ultramarine.Generators.Tasks.Complex\Ultramarine.Generators.Tasks.Complex.csproj", "{40B827EC-852C-4820-B7D1-7045D622C1DD}"
EndProject
Global
	GlobalSection(SolutionConfigurationPlatforms) = preSolution
		Debug|Any CPU = Debug|Any CPU
		Release|Any CPU = Release|Any CPU
	EndGlobalSection
	GlobalSection(ProjectConfigurationPlatforms) = postSolution
		{2203EBE1-86F6-4605-A231-1FADB52ACC19}.Debug|Any CPU.ActiveCfg = Debug|Any CPU
		{2203EBE1-86F6-4605-A231-1FADB52ACC19}.Debug|Any CPU.Build.0 = Debug|Any CPU
		{2203EBE1-86F6-4605-A231-1FADB52ACC19}.Release|Any CPU.ActiveCfg = Release|Any CPU
		{2203EBE1-86F6-4605-A231-1FADB52ACC19}.Release|Any CPU.Build.0 = Release|Any CPU
		{53D1AE9B-2936-45EB-9BAC-255A03267BF0}.Debug|Any CPU.ActiveCfg = Debug|Any CPU
		{53D1AE9B-2936-45EB-9BAC-255A03267BF0}.Debug|Any CPU.Build.0 = Debug|Any CPU
		{53D1AE9B-2936-45EB-9BAC-255A03267BF0}.Release|Any CPU.ActiveCfg = Release|Any CPU
		{53D1AE9B-2936-45EB-9BAC-255A03267BF0}.Release|Any CPU.Build.0 = Release|Any CPU
		{C64D9F59-1DCC-429F-A90D-9514BA1F543F}.Debug|Any CPU.ActiveCfg = Debug|Any CPU
		{C64D9F59-1DCC-429F-A90D-9514BA1F543F}.Debug|Any CPU.Build.0 = Debug|Any CPU
		{C64D9F59-1DCC-429F-A90D-9514BA1F543F}.Release|Any CPU.ActiveCfg = Release|Any CPU
		{C64D9F59-1DCC-429F-A90D-9514BA1F543F}.Release|Any CPU.Build.0 = Release|Any CPU
		{89047A1D-C0F6-4FCB-A77D-798A30C424EA}.Debug|Any CPU.ActiveCfg = Debug|Any CPU
		{89047A1D-C0F6-4FCB-A77D-798A30C424EA}.Debug|Any CPU.Build.0 = Debug|Any CPU
		{89047A1D-C0F6-4FCB-A77D-798A30C424EA}.Release|Any CPU.ActiveCfg = Release|Any CPU
		{89047A1D-C0F6-4FCB-A77D-798A30C424EA}.Release|Any CPU.Build.0 = Release|Any CPU
		{85AFD823-3966-4C16-B02C-699AA8F8D695}.Debug|Any CPU.ActiveCfg = Debug|Any CPU
		{85AFD823-3966-4C16-B02C-699AA8F8D695}.Debug|Any CPU.Build.0 = Debug|Any CPU
		{85AFD823-3966-4C16-B02C-699AA8F8D695}.Release|Any CPU.ActiveCfg = Release|Any CPU
		{85AFD823-3966-4C16-B02C-699AA8F8D695}.Release|Any CPU.Build.0 = Release|Any CPU
		{C501F3E8-D750-4E12-A020-4748008B2AF3}.Debug|Any CPU.ActiveCfg = Debug|Any CPU
		{C501F3E8-D750-4E12-A020-4748008B2AF3}.Debug|Any CPU.Build.0 = Debug|Any CPU
		{C501F3E8-D750-4E12-A020-4748008B2AF3}.Release|Any CPU.ActiveCfg = Release|Any CPU
		{C501F3E8-D750-4E12-A020-4748008B2AF3}.Release|Any CPU.Build.0 = Release|Any CPU
		{9D757EB8-555D-437C-8D9D-C13509F8AC8A}.Debug|Any CPU.ActiveCfg = Debug|Any CPU
		{9D757EB8-555D-437C-8D9D-C13509F8AC8A}.Debug|Any CPU.Build.0 = Debug|Any CPU
		{9D757EB8-555D-437C-8D9D-C13509F8AC8A}.Release|Any CPU.ActiveCfg = Release|Any CPU
		{9D757EB8-555D-437C-8D9D-C13509F8AC8A}.Release|Any CPU.Build.0 = Release|Any CPU
		{7D6C3800-E1E7-4427-A794-3DA54213C61E}.Debug|Any CPU.ActiveCfg = Debug|Any CPU
		{7D6C3800-E1E7-4427-A794-3DA54213C61E}.Debug|Any CPU.Build.0 = Debug|Any CPU
		{7D6C3800-E1E7-4427-A794-3DA54213C61E}.Release|Any CPU.ActiveCfg = Release|Any CPU
		{7D6C3800-E1E7-4427-A794-3DA54213C61E}.Release|Any CPU.Build.0 = Release|Any CPU
		{82D1CE89-82EF-47FF-A702-F67C3E030DE4}.Debug|Any CPU.ActiveCfg = Debug|Any CPU
		{82D1CE89-82EF-47FF-A702-F67C3E030DE4}.Debug|Any CPU.Build.0 = Debug|Any CPU
		{82D1CE89-82EF-47FF-A702-F67C3E030DE4}.Release|Any CPU.ActiveCfg = Release|Any CPU
		{82D1CE89-82EF-47FF-A702-F67C3E030DE4}.Release|Any CPU.Build.0 = Release|Any CPU
		{4CD4FF45-5D29-459A-BB2E-CD760A95AAF5}.Debug|Any CPU.ActiveCfg = Debug|Any CPU
		{4CD4FF45-5D29-459A-BB2E-CD760A95AAF5}.Debug|Any CPU.Build.0 = Debug|Any CPU
		{4CD4FF45-5D29-459A-BB2E-CD760A95AAF5}.Release|Any CPU.ActiveCfg = Release|Any CPU
		{4CD4FF45-5D29-459A-BB2E-CD760A95AAF5}.Release|Any CPU.Build.0 = Release|Any CPU
		{E2769337-93AD-4EE4-8675-71B8CB63771C}.Debug|Any CPU.ActiveCfg = Debug|Any CPU
		{E2769337-93AD-4EE4-8675-71B8CB63771C}.Debug|Any CPU.Build.0 = Debug|Any CPU
		{E2769337-93AD-4EE4-8675-71B8CB63771C}.Release|Any CPU.ActiveCfg = Release|Any CPU
		{E2769337-93AD-4EE4-8675-71B8CB63771C}.Release|Any CPU.Build.0 = Release|Any CPU
		{0D77F6F4-776E-4ED2-B721-AF27A37F8485}.Debug|Any CPU.ActiveCfg = Debug|Any CPU
		{0D77F6F4-776E-4ED2-B721-AF27A37F8485}.Debug|Any CPU.Build.0 = Debug|Any CPU
		{0D77F6F4-776E-4ED2-B721-AF27A37F8485}.Release|Any CPU.ActiveCfg = Release|Any CPU
		{0D77F6F4-776E-4ED2-B721-AF27A37F8485}.Release|Any CPU.Build.0 = Release|Any CPU
		{B4452945-98EB-4E75-B77C-30083D57BB43}.Debug|Any CPU.ActiveCfg = Debug|Any CPU
		{B4452945-98EB-4E75-B77C-30083D57BB43}.Debug|Any CPU.Build.0 = Debug|Any CPU
		{B4452945-98EB-4E75-B77C-30083D57BB43}.Release|Any CPU.ActiveCfg = Release|Any CPU
		{B4452945-98EB-4E75-B77C-30083D57BB43}.Release|Any CPU.Build.0 = Release|Any CPU
		{596E2E43-B431-456B-9537-63570CCA0807}.Debug|Any CPU.ActiveCfg = Debug|Any CPU
		{596E2E43-B431-456B-9537-63570CCA0807}.Debug|Any CPU.Build.0 = Debug|Any CPU
		{596E2E43-B431-456B-9537-63570CCA0807}.Release|Any CPU.ActiveCfg = Release|Any CPU
		{596E2E43-B431-456B-9537-63570CCA0807}.Release|Any CPU.Build.0 = Release|Any CPU
		{41C4A44A-D7F7-4E52-A02E-B2FD70DD0E46}.Debug|Any CPU.ActiveCfg = Debug|Any CPU
		{41C4A44A-D7F7-4E52-A02E-B2FD70DD0E46}.Debug|Any CPU.Build.0 = Debug|Any CPU
		{41C4A44A-D7F7-4E52-A02E-B2FD70DD0E46}.Release|Any CPU.ActiveCfg = Release|Any CPU
		{41C4A44A-D7F7-4E52-A02E-B2FD70DD0E46}.Release|Any CPU.Build.0 = Release|Any CPU
		{D5F07703-6192-4C4E-8B39-4D87DF054C0D}.Debug|Any CPU.ActiveCfg = Debug|Any CPU
		{D5F07703-6192-4C4E-8B39-4D87DF054C0D}.Debug|Any CPU.Build.0 = Debug|Any CPU
		{D5F07703-6192-4C4E-8B39-4D87DF054C0D}.Release|Any CPU.ActiveCfg = Release|Any CPU
		{D5F07703-6192-4C4E-8B39-4D87DF054C0D}.Release|Any CPU.Build.0 = Release|Any CPU
		{475A9BE2-24FB-4CD2-A1F0-C033CF6BD0A4}.Debug|Any CPU.ActiveCfg = Debug|Any CPU
		{475A9BE2-24FB-4CD2-A1F0-C033CF6BD0A4}.Debug|Any CPU.Build.0 = Debug|Any CPU
		{475A9BE2-24FB-4CD2-A1F0-C033CF6BD0A4}.Release|Any CPU.ActiveCfg = Release|Any CPU
		{475A9BE2-24FB-4CD2-A1F0-C033CF6BD0A4}.Release|Any CPU.Build.0 = Release|Any CPU
		{BCAD61C5-9364-48AA-BF0B-595A032FC1BE}.Debug|Any CPU.ActiveCfg = Debug|Any CPU
		{BCAD61C5-9364-48AA-BF0B-595A032FC1BE}.Release|Any CPU.ActiveCfg = Release|Any CPU
		{BCAD61C5-9364-48AA-BF0B-595A032FC1BE}.Release|Any CPU.Build.0 = Release|Any CPU
		{79A4B070-8B42-4EFA-B2C6-C2294D0B06EE}.Debug|Any CPU.ActiveCfg = Debug|Any CPU
		{79A4B070-8B42-4EFA-B2C6-C2294D0B06EE}.Release|Any CPU.ActiveCfg = Release|Any CPU
		{79A4B070-8B42-4EFA-B2C6-C2294D0B06EE}.Release|Any CPU.Build.0 = Release|Any CPU
		{C5D6C174-CFDD-4FCA-8BCA-0A2B8F28EDDB}.Debug|Any CPU.ActiveCfg = Debug|Any CPU
		{C5D6C174-CFDD-4FCA-8BCA-0A2B8F28EDDB}.Debug|Any CPU.Build.0 = Debug|Any CPU
		{C5D6C174-CFDD-4FCA-8BCA-0A2B8F28EDDB}.Release|Any CPU.ActiveCfg = Release|Any CPU
		{C5D6C174-CFDD-4FCA-8BCA-0A2B8F28EDDB}.Release|Any CPU.Build.0 = Release|Any CPU
		{BE9B3AE5-CA6A-4408-B06C-8B410A72CB46}.Debug|Any CPU.ActiveCfg = Debug|Any CPU
		{BE9B3AE5-CA6A-4408-B06C-8B410A72CB46}.Debug|Any CPU.Build.0 = Debug|Any CPU
		{BE9B3AE5-CA6A-4408-B06C-8B410A72CB46}.Release|Any CPU.ActiveCfg = Release|Any CPU
		{BE9B3AE5-CA6A-4408-B06C-8B410A72CB46}.Release|Any CPU.Build.0 = Release|Any CPU
		{80C8917C-AB3B-423F-9DC2-462DFCF9CF1D}.Debug|Any CPU.ActiveCfg = Debug|Any CPU
		{80C8917C-AB3B-423F-9DC2-462DFCF9CF1D}.Debug|Any CPU.Build.0 = Debug|Any CPU
		{80C8917C-AB3B-423F-9DC2-462DFCF9CF1D}.Release|Any CPU.ActiveCfg = Release|Any CPU
		{80C8917C-AB3B-423F-9DC2-462DFCF9CF1D}.Release|Any CPU.Build.0 = Release|Any CPU
		{40B827EC-852C-4820-B7D1-7045D622C1DD}.Debug|Any CPU.ActiveCfg = Debug|Any CPU
		{40B827EC-852C-4820-B7D1-7045D622C1DD}.Debug|Any CPU.Build.0 = Debug|Any CPU
		{40B827EC-852C-4820-B7D1-7045D622C1DD}.Release|Any CPU.ActiveCfg = Release|Any CPU
		{40B827EC-852C-4820-B7D1-7045D622C1DD}.Release|Any CPU.Build.0 = Release|Any CPU
	EndGlobalSection
	GlobalSection(SolutionProperties) = preSolution
		HideSolutionNode = FALSE
	EndGlobalSection
	GlobalSection(NestedProjects) = preSolution
		{53D1AE9B-2936-45EB-9BAC-255A03267BF0} = {BCDC8113-7331-4D96-A091-D91E3D4452A8}
		{C64D9F59-1DCC-429F-A90D-9514BA1F543F} = {BCDC8113-7331-4D96-A091-D91E3D4452A8}
		{89047A1D-C0F6-4FCB-A77D-798A30C424EA} = {BCDC8113-7331-4D96-A091-D91E3D4452A8}
		{8AE1A11C-5430-4DC7-870F-7B21CF5C94A0} = {551AEED9-1AC9-4683-95F3-9379FEC3174C}
		{85AFD823-3966-4C16-B02C-699AA8F8D695} = {8AE1A11C-5430-4DC7-870F-7B21CF5C94A0}
		{C501F3E8-D750-4E12-A020-4748008B2AF3} = {8AE1A11C-5430-4DC7-870F-7B21CF5C94A0}
		{9D757EB8-555D-437C-8D9D-C13509F8AC8A} = {8AE1A11C-5430-4DC7-870F-7B21CF5C94A0}
		{7D6C3800-E1E7-4427-A794-3DA54213C61E} = {8AE1A11C-5430-4DC7-870F-7B21CF5C94A0}
		{82D1CE89-82EF-47FF-A702-F67C3E030DE4} = {BCDC8113-7331-4D96-A091-D91E3D4452A8}
		{4CD4FF45-5D29-459A-BB2E-CD760A95AAF5} = {BCDC8113-7331-4D96-A091-D91E3D4452A8}
		{E2769337-93AD-4EE4-8675-71B8CB63771C} = {BCDC8113-7331-4D96-A091-D91E3D4452A8}
		{0D77F6F4-776E-4ED2-B721-AF27A37F8485} = {29587005-ABB1-4619-A9C6-794CA0093CB1}
		{B4452945-98EB-4E75-B77C-30083D57BB43} = {29587005-ABB1-4619-A9C6-794CA0093CB1}
		{596E2E43-B431-456B-9537-63570CCA0807} = {29587005-ABB1-4619-A9C6-794CA0093CB1}
		{41C4A44A-D7F7-4E52-A02E-B2FD70DD0E46} = {02FF4F30-0A60-447D-AE7F-A6FBD60D016F}
		{D5F07703-6192-4C4E-8B39-4D87DF054C0D} = {02FF4F30-0A60-447D-AE7F-A6FBD60D016F}
		{475A9BE2-24FB-4CD2-A1F0-C033CF6BD0A4} = {02FF4F30-0A60-447D-AE7F-A6FBD60D016F}
		{C5D6C174-CFDD-4FCA-8BCA-0A2B8F28EDDB} = {BCDC8113-7331-4D96-A091-D91E3D4452A8}
		{BE9B3AE5-CA6A-4408-B06C-8B410A72CB46} = {2FC4CC57-2EF0-4711-8687-75368B78DBF1}
		{80C8917C-AB3B-423F-9DC2-462DFCF9CF1D} = {2FC4CC57-2EF0-4711-8687-75368B78DBF1}
		{2FC4CC57-2EF0-4711-8687-75368B78DBF1} = {BCDC8113-7331-4D96-A091-D91E3D4452A8}
		{40B827EC-852C-4820-B7D1-7045D622C1DD} = {BCDC8113-7331-4D96-A091-D91E3D4452A8}
	EndGlobalSection
	GlobalSection(ExtensibilityGlobals) = postSolution
		SolutionGuid = {A86E2D6F-253D-4A78-955E-7A75E9CE4EBA}
	EndGlobalSection
EndGlobal
